
Microsoft Visual Studio Solution File, Format Version 12.00
# Visual Studio Version 17
VisualStudioVersion = 17.1.32228.430
MinimumVisualStudioVersion = 10.0.40219.1
Project("{8BC9CEB8-8B4A-11D0-8D11-00A0C91BC942}") = "AmigoPJT", "AmigoPJT\AmigoPJT.vcxproj", "{2E73B457-4FAB-4E2A-96EC-312DB4DA272B}"
EndProject
Global
	GlobalSection(SolutionConfigurationPlatforms) = preSolution
		Debug|x64 = Debug|x64
		Debug|x86 = Debug|x86
		Release|x64 = Release|x64
		Release|x86 = Release|x86
	EndGlobalSection
	GlobalSection(ProjectConfigurationPlatforms) = postSolution
		{2E73B457-4FAB-4E2A-96EC-312DB4DA272B}.Debug|x64.ActiveCfg = Debug|x64
		{2E73B457-4FAB-4E2A-96EC-312DB4DA272B}.Debug|x64.Build.0 = Debug|x64
		{2E73B457-4FAB-4E2A-96EC-312DB4DA272B}.Debug|x86.ActiveCfg = Debug|Win32
		{2E73B457-4FAB-4E2A-96EC-312DB4DA272B}.Debug|x86.Build.0 = Debug|Win32
		{2E73B457-4FAB-4E2A-96EC-312DB4DA272B}.Release|x64.ActiveCfg = Release|x64
		{2E73B457-4FAB-4E2A-96EC-312DB4DA272B}.Release|x64.Build.0 = Release|x64
		{2E73B457-4FAB-4E2A-96EC-312DB4DA272B}.Release|x86.ActiveCfg = Release|Win32
		{2E73B457-4FAB-4E2A-96EC-312DB4DA272B}.Release|x86.Build.0 = Release|Win32
	EndGlobalSection
	GlobalSection(SolutionProperties) = preSolution
		HideSolutionNode = FALSE
	EndGlobalSection
	GlobalSection(ExtensibilityGlobals) = postSolution
		SolutionGuid = {8588CE5B-6F90-4454-A9B9-9A4C290DABB4}
	EndGlobalSection
EndGlobal
